// !$*UTF8*$!
{
	archiveVersion = 1;
	classes = {
	};
	objectVersion = 48;
	objects = {

/* Begin PBXBuildFile section */
		2352FCED23A3F36600232988 /* PlaySoundsViewController+Audio.swift in Sources */ = {isa = PBXBuildFile; fileRef = 2352FCEC23A3F36600232988 /* PlaySoundsViewController+Audio.swift */; };
		236DDF2123A1860400EBEB45 /* PlaySoundsViewController.swift in Sources */ = {isa = PBXBuildFile; fileRef = 236DDF2023A1860400EBEB45 /* PlaySoundsViewController.swift */; };
		23FEC8C12394A17B008B9B56 /* AppDelegate.swift in Sources */ = {isa = PBXBuildFile; fileRef = 23FEC8C02394A17B008B9B56 /* AppDelegate.swift */; };
		23FEC8C32394A17B008B9B56 /* RecordSoundsViewController.swift in Sources */ = {isa = PBXBuildFile; fileRef = 23FEC8C22394A17B008B9B56 /* RecordSoundsViewController.swift */; };
		23FEC8C62394A17B008B9B56 /* Main.storyboard in Resources */ = {isa = PBXBuildFile; fileRef = 23FEC8C42394A17B008B9B56 /* Main.storyboard */; };
		23FEC8C82394A17B008B9B56 /* Assets.xcassets in Resources */ = {isa = PBXBuildFile; fileRef = 23FEC8C72394A17B008B9B56 /* Assets.xcassets */; };
		23FEC8CB2394A17B008B9B56 /* LaunchScreen.storyboard in Resources */ = {isa = PBXBuildFile; fileRef = 23FEC8C92394A17B008B9B56 /* LaunchScreen.storyboard */; };
		23FEC8D62394A17B008B9B56 /* PitchPerfectTests.swift in Sources */ = {isa = PBXBuildFile; fileRef = 23FEC8D52394A17B008B9B56 /* PitchPerfectTests.swift */; };
		23FEC8E12394A17B008B9B56 /* PitchPerfectUITests.swift in Sources */ = {isa = PBXBuildFile; fileRef = 23FEC8E02394A17B008B9B56 /* PitchPerfectUITests.swift */; };
/* End PBXBuildFile section */

/* Begin PBXContainerItemProxy section */
		23FEC8D22394A17B008B9B56 /* PBXContainerItemProxy */ = {
			isa = PBXContainerItemProxy;
			containerPortal = 23FEC8B52394A17B008B9B56 /* Project object */;
			proxyType = 1;
			remoteGlobalIDString = 23FEC8BC2394A17B008B9B56;
			remoteInfo = PitchPerfect;
		};
		23FEC8DD2394A17B008B9B56 /* PBXContainerItemProxy */ = {
			isa = PBXContainerItemProxy;
			containerPortal = 23FEC8B52394A17B008B9B56 /* Project object */;
			proxyType = 1;
			remoteGlobalIDString = 23FEC8BC2394A17B008B9B56;
			remoteInfo = PitchPerfect;
		};
/* End PBXContainerItemProxy section */

/* Begin PBXFileReference section */
		2352FCEC23A3F36600232988 /* PlaySoundsViewController+Audio.swift */ = {isa = PBXFileReference; lastKnownFileType = sourcecode.swift; path = "PlaySoundsViewController+Audio.swift"; sourceTree = "<group>"; };
		236DDF2023A1860400EBEB45 /* PlaySoundsViewController.swift */ = {isa = PBXFileReference; lastKnownFileType = sourcecode.swift; path = PlaySoundsViewController.swift; sourceTree = "<group>"; };
		23FEC8BD2394A17B008B9B56 /* PitchPerfect.app */ = {isa = PBXFileReference; explicitFileType = wrapper.application; includeInIndex = 0; path = PitchPerfect.app; sourceTree = BUILT_PRODUCTS_DIR; };
		23FEC8C02394A17B008B9B56 /* AppDelegate.swift */ = {isa = PBXFileReference; lastKnownFileType = sourcecode.swift; path = AppDelegate.swift; sourceTree = "<group>"; };
		23FEC8C22394A17B008B9B56 /* RecordSoundsViewController.swift */ = {isa = PBXFileReference; lastKnownFileType = sourcecode.swift; path = RecordSoundsViewController.swift; sourceTree = "<group>"; };
		23FEC8C52394A17B008B9B56 /* Base */ = {isa = PBXFileReference; lastKnownFileType = file.storyboard; name = Base; path = Base.lproj/Main.storyboard; sourceTree = "<group>"; };
		23FEC8C72394A17B008B9B56 /* Assets.xcassets */ = {isa = PBXFileReference; lastKnownFileType = folder.assetcatalog; path = Assets.xcassets; sourceTree = "<group>"; };
		23FEC8CA2394A17B008B9B56 /* Base */ = {isa = PBXFileReference; lastKnownFileType = file.storyboard; name = Base; path = Base.lproj/LaunchScreen.storyboard; sourceTree = "<group>"; };
		23FEC8CC2394A17B008B9B56 /* Info.plist */ = {isa = PBXFileReference; lastKnownFileType = text.plist.xml; path = Info.plist; sourceTree = "<group>"; };
		23FEC8D12394A17B008B9B56 /* PitchPerfectTests.xctest */ = {isa = PBXFileReference; explicitFileType = wrapper.cfbundle; includeInIndex = 0; path = PitchPerfectTests.xctest; sourceTree = BUILT_PRODUCTS_DIR; };
		23FEC8D52394A17B008B9B56 /* PitchPerfectTests.swift */ = {isa = PBXFileReference; lastKnownFileType = sourcecode.swift; path = PitchPerfectTests.swift; sourceTree = "<group>"; };
		23FEC8D72394A17B008B9B56 /* Info.plist */ = {isa = PBXFileReference; lastKnownFileType = text.plist.xml; path = Info.plist; sourceTree = "<group>"; };
		23FEC8DC2394A17B008B9B56 /* PitchPerfectUITests.xctest */ = {isa = PBXFileReference; explicitFileType = wrapper.cfbundle; includeInIndex = 0; path = PitchPerfectUITests.xctest; sourceTree = BUILT_PRODUCTS_DIR; };
		23FEC8E02394A17B008B9B56 /* PitchPerfectUITests.swift */ = {isa = PBXFileReference; lastKnownFileType = sourcecode.swift; path = PitchPerfectUITests.swift; sourceTree = "<group>"; };
		23FEC8E22394A17B008B9B56 /* Info.plist */ = {isa = PBXFileReference; lastKnownFileType = text.plist.xml; path = Info.plist; sourceTree = "<group>"; };
/* End PBXFileReference section */

/* Begin PBXFrameworksBuildPhase section */
		23FEC8BA2394A17B008B9B56 /* Frameworks */ = {
			isa = PBXFrameworksBuildPhase;
			buildActionMask = 2147483647;
			files = (
			);
			runOnlyForDeploymentPostprocessing = 0;
		};
		23FEC8CE2394A17B008B9B56 /* Frameworks */ = {
			isa = PBXFrameworksBuildPhase;
			buildActionMask = 2147483647;
			files = (
			);
			runOnlyForDeploymentPostprocessing = 0;
		};
		23FEC8D92394A17B008B9B56 /* Frameworks */ = {
			isa = PBXFrameworksBuildPhase;
			buildActionMask = 2147483647;
			files = (
			);
			runOnlyForDeploymentPostprocessing = 0;
		};
/* End PBXFrameworksBuildPhase section */

/* Begin PBXGroup section */
		23FEC8B42394A17B008B9B56 = {
			isa = PBXGroup;
			children = (
				23FEC8BF2394A17B008B9B56 /* PitchPerfect */,
				23FEC8D42394A17B008B9B56 /* PitchPerfectTests */,
				23FEC8DF2394A17B008B9B56 /* PitchPerfectUITests */,
				23FEC8BE2394A17B008B9B56 /* Products */,
			);
			sourceTree = "<group>";
		};
		23FEC8BE2394A17B008B9B56 /* Products */ = {
			isa = PBXGroup;
			children = (
				23FEC8BD2394A17B008B9B56 /* PitchPerfect.app */,
				23FEC8D12394A17B008B9B56 /* PitchPerfectTests.xctest */,
				23FEC8DC2394A17B008B9B56 /* PitchPerfectUITests.xctest */,
			);
			name = Products;
			sourceTree = "<group>";
		};
		23FEC8BF2394A17B008B9B56 /* PitchPerfect */ = {
			isa = PBXGroup;
			children = (
				23FEC8C02394A17B008B9B56 /* AppDelegate.swift */,
				23FEC8C22394A17B008B9B56 /* RecordSoundsViewController.swift */,
				23FEC8C42394A17B008B9B56 /* Main.storyboard */,
				23FEC8C72394A17B008B9B56 /* Assets.xcassets */,
				23FEC8C92394A17B008B9B56 /* LaunchScreen.storyboard */,
				23FEC8CC2394A17B008B9B56 /* Info.plist */,
				236DDF2023A1860400EBEB45 /* PlaySoundsViewController.swift */,
				2352FCEC23A3F36600232988 /* PlaySoundsViewController+Audio.swift */,
			);
			path = PitchPerfect;
			sourceTree = "<group>";
		};
		23FEC8D42394A17B008B9B56 /* PitchPerfectTests */ = {
			isa = PBXGroup;
			children = (
				23FEC8D52394A17B008B9B56 /* PitchPerfectTests.swift */,
				23FEC8D72394A17B008B9B56 /* Info.plist */,
			);
			path = PitchPerfectTests;
			sourceTree = "<group>";
		};
		23FEC8DF2394A17B008B9B56 /* PitchPerfectUITests */ = {
			isa = PBXGroup;
			children = (
				23FEC8E02394A17B008B9B56 /* PitchPerfectUITests.swift */,
				23FEC8E22394A17B008B9B56 /* Info.plist */,
			);
			path = PitchPerfectUITests;
			sourceTree = "<group>";
		};
/* End PBXGroup section */

/* Begin PBXNativeTarget section */
		23FEC8BC2394A17B008B9B56 /* PitchPerfect */ = {
			isa = PBXNativeTarget;
			buildConfigurationList = 23FEC8E52394A17B008B9B56 /* Build configuration list for PBXNativeTarget "PitchPerfect" */;
			buildPhases = (
				23FEC8B92394A17B008B9B56 /* Sources */,
				23FEC8BA2394A17B008B9B56 /* Frameworks */,
				23FEC8BB2394A17B008B9B56 /* Resources */,
			);
			buildRules = (
			);
			dependencies = (
			);
			name = PitchPerfect;
			productName = PitchPerfect;
			productReference = 23FEC8BD2394A17B008B9B56 /* PitchPerfect.app */;
			productType = "com.apple.product-type.application";
		};
		23FEC8D02394A17B008B9B56 /* PitchPerfectTests */ = {
			isa = PBXNativeTarget;
			buildConfigurationList = 23FEC8E82394A17B008B9B56 /* Build configuration list for PBXNativeTarget "PitchPerfectTests" */;
			buildPhases = (
				23FEC8CD2394A17B008B9B56 /* Sources */,
				23FEC8CE2394A17B008B9B56 /* Frameworks */,
				23FEC8CF2394A17B008B9B56 /* Resources */,
			);
			buildRules = (
			);
			dependencies = (
				23FEC8D32394A17B008B9B56 /* PBXTargetDependency */,
			);
			name = PitchPerfectTests;
			productName = PitchPerfectTests;
			productReference = 23FEC8D12394A17B008B9B56 /* PitchPerfectTests.xctest */;
			productType = "com.apple.product-type.bundle.unit-test";
		};
		23FEC8DB2394A17B008B9B56 /* PitchPerfectUITests */ = {
			isa = PBXNativeTarget;
			buildConfigurationList = 23FEC8EB2394A17B008B9B56 /* Build configuration list for PBXNativeTarget "PitchPerfectUITests" */;
			buildPhases = (
				23FEC8D82394A17B008B9B56 /* Sources */,
				23FEC8D92394A17B008B9B56 /* Frameworks */,
				23FEC8DA2394A17B008B9B56 /* Resources */,
			);
			buildRules = (
			);
			dependencies = (
				23FEC8DE2394A17B008B9B56 /* PBXTargetDependency */,
			);
			name = PitchPerfectUITests;
			productName = PitchPerfectUITests;
			productReference = 23FEC8DC2394A17B008B9B56 /* PitchPerfectUITests.xctest */;
			productType = "com.apple.product-type.bundle.ui-testing";
		};
/* End PBXNativeTarget section */

/* Begin PBXProject section */
		23FEC8B52394A17B008B9B56 /* Project object */ = {
			isa = PBXProject;
			attributes = {
				LastSwiftUpdateCheck = 0920;
				LastUpgradeCheck = 0920;
				ORGANIZATIONNAME = "Daniela Becerra Gonzalez";
				TargetAttributes = {
					23FEC8BC2394A17B008B9B56 = {
						CreatedOnToolsVersion = 9.2;
						ProvisioningStyle = Automatic;
					};
					23FEC8D02394A17B008B9B56 = {
						CreatedOnToolsVersion = 9.2;
						ProvisioningStyle = Automatic;
						TestTargetID = 23FEC8BC2394A17B008B9B56;
					};
					23FEC8DB2394A17B008B9B56 = {
						CreatedOnToolsVersion = 9.2;
						ProvisioningStyle = Automatic;
						TestTargetID = 23FEC8BC2394A17B008B9B56;
					};
				};
			};
			buildConfigurationList = 23FEC8B82394A17B008B9B56 /* Build configuration list for PBXProject "PitchPerfect" */;
			compatibilityVersion = "Xcode 8.0";
			developmentRegion = en;
			hasScannedForEncodings = 0;
			knownRegions = (
				en,
				Base,
			);
			mainGroup = 23FEC8B42394A17B008B9B56;
			productRefGroup = 23FEC8BE2394A17B008B9B56 /* Products */;
			projectDirPath = "";
			projectRoot = "";
			targets = (
				23FEC8BC2394A17B008B9B56 /* PitchPerfect */,
				23FEC8D02394A17B008B9B56 /* PitchPerfectTests */,
				23FEC8DB2394A17B008B9B56 /* PitchPerfectUITests */,
			);
		};
/* End PBXProject section */

/* Begin PBXResourcesBuildPhase section */
		23FEC8BB2394A17B008B9B56 /* Resources */ = {
			isa = PBXResourcesBuildPhase;
			buildActionMask = 2147483647;
			files = (
				23FEC8CB2394A17B008B9B56 /* LaunchScreen.storyboard in Resources */,
				23FEC8C82394A17B008B9B56 /* Assets.xcassets in Resources */,
				23FEC8C62394A17B008B9B56 /* Main.storyboard in Resources */,
			);
			runOnlyForDeploymentPostprocessing = 0;
		};
		23FEC8CF2394A17B008B9B56 /* Resources */ = {
			isa = PBXResourcesBuildPhase;
			buildActionMask = 2147483647;
			files = (
			);
			runOnlyForDeploymentPostprocessing = 0;
		};
		23FEC8DA2394A17B008B9B56 /* Resources */ = {
			isa = PBXResourcesBuildPhase;
			buildActionMask = 2147483647;
			files = (
			);
			runOnlyForDeploymentPostprocessing = 0;
		};
/* End PBXResourcesBuildPhase section */

/* Begin PBXSourcesBuildPhase section */
		23FEC8B92394A17B008B9B56 /* Sources */ = {
			isa = PBXSourcesBuildPhase;
			buildActionMask = 2147483647;
			files = (
				23FEC8C32394A17B008B9B56 /* RecordSoundsViewController.swift in Sources */,
				2352FCED23A3F36600232988 /* PlaySoundsViewController+Audio.swift in Sources */,
				236DDF2123A1860400EBEB45 /* PlaySoundsViewController.swift in Sources */,
				23FEC8C12394A17B008B9B56 /* AppDelegate.swift in Sources */,
			);
			runOnlyForDeploymentPostprocessing = 0;
		};
		23FEC8CD2394A17B008B9B56 /* Sources */ = {
			isa = PBXSourcesBuildPhase;
			buildActionMask = 2147483647;
			files = (
				23FEC8D62394A17B008B9B56 /* PitchPerfectTests.swift in Sources */,
			);
			runOnlyForDeploymentPostprocessing = 0;
		};
		23FEC8D82394A17B008B9B56 /* Sources */ = {
			isa = PBXSourcesBuildPhase;
			buildActionMask = 2147483647;
			files = (
				23FEC8E12394A17B008B9B56 /* PitchPerfectUITests.swift in Sources */,
			);
			runOnlyForDeploymentPostprocessing = 0;
		};
/* End PBXSourcesBuildPhase section */

/* Begin PBXTargetDependency section */
		23FEC8D32394A17B008B9B56 /* PBXTargetDependency */ = {
			isa = PBXTargetDependency;
			target = 23FEC8BC2394A17B008B9B56 /* PitchPerfect */;
			targetProxy = 23FEC8D22394A17B008B9B56 /* PBXContainerItemProxy */;
		};
		23FEC8DE2394A17B008B9B56 /* PBXTargetDependency */ = {
			isa = PBXTargetDependency;
			target = 23FEC8BC2394A17B008B9B56 /* PitchPerfect */;
			targetProxy = 23FEC8DD2394A17B008B9B56 /* PBXContainerItemProxy */;
		};
/* End PBXTargetDependency section */

/* Begin PBXVariantGroup section */
		23FEC8C42394A17B008B9B56 /* Main.storyboard */ = {
			isa = PBXVariantGroup;
			children = (
				23FEC8C52394A17B008B9B56 /* Base */,
			);
			name = Main.storyboard;
			sourceTree = "<group>";
		};
		23FEC8C92394A17B008B9B56 /* LaunchScreen.storyboard */ = {
			isa = PBXVariantGroup;
			children = (
				23FEC8CA2394A17B008B9B56 /* Base */,
			);
			name = LaunchScreen.storyboard;
			sourceTree = "<group>";
		};
/* End PBXVariantGroup section */

/* Begin XCBuildConfiguration section */
		23FEC8E32394A17B008B9B56 /* Debug */ = {
			isa = XCBuildConfiguration;
			buildSettings = {
				ALWAYS_SEARCH_USER_PATHS = NO;
				CLANG_ANALYZER_NONNULL = YES;
				CLANG_ANALYZER_NUMBER_OBJECT_CONVERSION = YES_AGGRESSIVE;
				CLANG_CXX_LANGUAGE_STANDARD = "gnu++14";
				CLANG_CXX_LIBRARY = "libc++";
				CLANG_ENABLE_MODULES = YES;
				CLANG_ENABLE_OBJC_ARC = YES;
				CLANG_WARN_BLOCK_CAPTURE_AUTORELEASING = YES;
				CLANG_WARN_BOOL_CONVERSION = YES;
				CLANG_WARN_COMMA = YES;
				CLANG_WARN_CONSTANT_CONVERSION = YES;
				CLANG_WARN_DIRECT_OBJC_ISA_USAGE = YES_ERROR;
				CLANG_WARN_DOCUMENTATION_COMMENTS = YES;
				CLANG_WARN_EMPTY_BODY = YES;
				CLANG_WARN_ENUM_CONVERSION = YES;
				CLANG_WARN_INFINITE_RECURSION = YES;
				CLANG_WARN_INT_CONVERSION = YES;
				CLANG_WARN_NON_LITERAL_NULL_CONVERSION = YES;
				CLANG_WARN_OBJC_LITERAL_CONVERSION = YES;
				CLANG_WARN_OBJC_ROOT_CLASS = YES_ERROR;
				CLANG_WARN_RANGE_LOOP_ANALYSIS = YES;
				CLANG_WARN_STRICT_PROTOTYPES = YES;
				CLANG_WARN_SUSPICIOUS_MOVE = YES;
				CLANG_WARN_UNGUARDED_AVAILABILITY = YES_AGGRESSIVE;
				CLANG_WARN_UNREACHABLE_CODE = YES;
				CLANG_WARN__DUPLICATE_METHOD_MATCH = YES;
				CODE_SIGN_IDENTITY = "iPhone Developer";
				COPY_PHASE_STRIP = NO;
				DEBUG_INFORMATION_FORMAT = dwarf;
				ENABLE_STRICT_OBJC_MSGSEND = YES;
				ENABLE_TESTABILITY = YES;
				GCC_C_LANGUAGE_STANDARD = gnu11;
				GCC_DYNAMIC_NO_PIC = NO;
				GCC_NO_COMMON_BLOCKS = YES;
				GCC_OPTIMIZATION_LEVEL = 0;
				GCC_PREPROCESSOR_DEFINITIONS = (
					"DEBUG=1",
					"$(inherited)",
				);
				GCC_WARN_64_TO_32_BIT_CONVERSION = YES;
				GCC_WARN_ABOUT_RETURN_TYPE = YES_ERROR;
				GCC_WARN_UNDECLARED_SELECTOR = YES;
				GCC_WARN_UNINITIALIZED_AUTOS = YES_AGGRESSIVE;
				GCC_WARN_UNUSED_FUNCTION = YES;
				GCC_WARN_UNUSED_VARIABLE = YES;
				IPHONEOS_DEPLOYMENT_TARGET = 11.2;
				MTL_ENABLE_DEBUG_INFO = YES;
				ONLY_ACTIVE_ARCH = YES;
				SDKROOT = iphoneos;
				SWIFT_ACTIVE_COMPILATION_CONDITIONS = DEBUG;
				SWIFT_OPTIMIZATION_LEVEL = "-Onone";
			};
			name = Debug;
		};
		23FEC8E42394A17B008B9B56 /* Release */ = {
			isa = XCBuildConfiguration;
			buildSettings = {
				ALWAYS_SEARCH_USER_PATHS = NO;
				CLANG_ANALYZER_NONNULL = YES;
				CLANG_ANALYZER_NUMBER_OBJECT_CONVERSION = YES_AGGRESSIVE;
				CLANG_CXX_LANGUAGE_STANDARD = "gnu++14";
				CLANG_CXX_LIBRARY = "libc++";
				CLANG_ENABLE_MODULES = YES;
				CLANG_ENABLE_OBJC_ARC = YES;
				CLANG_WARN_BLOCK_CAPTURE_AUTORELEASING = YES;
				CLANG_WARN_BOOL_CONVERSION = YES;
				CLANG_WARN_COMMA = YES;
				CLANG_WARN_CONSTANT_CONVERSION = YES;
				CLANG_WARN_DIRECT_OBJC_ISA_USAGE = YES_ERROR;
				CLANG_WARN_DOCUMENTATION_COMMENTS = YES;
				CLANG_WARN_EMPTY_BODY = YES;
				CLANG_WARN_ENUM_CONVERSION = YES;
				CLANG_WARN_INFINITE_RECURSION = YES;
				CLANG_WARN_INT_CONVERSION = YES;
				CLANG_WARN_NON_LITERAL_NULL_CONVERSION = YES;
				CLANG_WARN_OBJC_LITERAL_CONVERSION = YES;
				CLANG_WARN_OBJC_ROOT_CLASS = YES_ERROR;
				CLANG_WARN_RANGE_LOOP_ANALYSIS = YES;
				CLANG_WARN_STRICT_PROTOTYPES = YES;
				CLANG_WARN_SUSPICIOUS_MOVE = YES;
				CLANG_WARN_UNGUARDED_AVAILABILITY = YES_AGGRESSIVE;
				CLANG_WARN_UNREACHABLE_CODE = YES;
				CLANG_WARN__DUPLICATE_METHOD_MATCH = YES;
				CODE_SIGN_IDENTITY = "iPhone Developer";
				COPY_PHASE_STRIP = NO;
				DEBUG_INFORMATION_FORMAT = "dwarf-with-dsym";
				ENABLE_NS_ASSERTIONS = NO;
				ENABLE_STRICT_OBJC_MSGSEND = YES;
				GCC_C_LANGUAGE_STANDARD = gnu11;
				GCC_NO_COMMON_BLOCKS = YES;
				GCC_WARN_64_TO_32_BIT_CONVERSION = YES;
				GCC_WARN_ABOUT_RETURN_TYPE = YES_ERROR;
				GCC_WARN_UNDECLARED_SELECTOR = YES;
				GCC_WARN_UNINITIALIZED_AUTOS = YES_AGGRESSIVE;
				GCC_WARN_UNUSED_FUNCTION = YES;
				GCC_WARN_UNUSED_VARIABLE = YES;
				IPHONEOS_DEPLOYMENT_TARGET = 11.2;
				MTL_ENABLE_DEBUG_INFO = NO;
				SDKROOT = iphoneos;
				SWIFT_OPTIMIZATION_LEVEL = "-Owholemodule";
				VALIDATE_PRODUCT = YES;
			};
			name = Release;
		};
		23FEC8E62394A17B008B9B56 /* Debug */ = {
			isa = XCBuildConfiguration;
			buildSettings = {
				ASSETCATALOG_COMPILER_APPICON_NAME = AppIcon;
				CODE_SIGN_STYLE = Automatic;
				DEVELOPMENT_TEAM = HFLP95NZ9Z;
				INFOPLIST_FILE = PitchPerfect/Info.plist;
				LD_RUNPATH_SEARCH_PATHS = "$(inherited) @executable_path/Frameworks";
				PRODUCT_BUNDLE_IDENTIFIER = com.danielabecerra.PitchPerfect;
				PRODUCT_NAME = "$(TARGET_NAME)";
				SWIFT_VERSION = 4.0;
				TARGETED_DEVICE_FAMILY = "1,2";
			};
			name = Debug;
		};
		23FEC8E72394A17B008B9B56 /* Release */ = {
			isa = XCBuildConfiguration;
			buildSettings = {
				ASSETCATALOG_COMPILER_APPICON_NAME = AppIcon;
				CODE_SIGN_STYLE = Automatic;
				DEVELOPMENT_TEAM = HFLP95NZ9Z;
				INFOPLIST_FILE = PitchPerfect/Info.plist;
				LD_RUNPATH_SEARCH_PATHS = "$(inherited) @executable_path/Frameworks";
				PRODUCT_BUNDLE_IDENTIFIER = com.danielabecerra.PitchPerfect;
				PRODUCT_NAME = "$(TARGET_NAME)";
				SWIFT_VERSION = 4.0;
				TARGETED_DEVICE_FAMILY = "1,2";
			};
			name = Release;
		};
		23FEC8E92394A17B008B9B56 /* Debug */ = {
			isa = XCBuildConfiguration;
			buildSettings = {
				ALWAYS_EMBED_SWIFT_STANDARD_LIBRARIES = YES;
				BUNDLE_LOADER = "$(TEST_HOST)";
				CODE_SIGN_STYLE = Automatic;
				INFOPLIST_FILE = PitchPerfectTests/Info.plist;
				LD_RUNPATH_SEARCH_PATHS = "$(inherited) @executable_path/Frameworks @loader_path/Frameworks";
				PRODUCT_BUNDLE_IDENTIFIER = com.danielabecerra.PitchPerfectTests;
				PRODUCT_NAME = "$(TARGET_NAME)";
				SWIFT_VERSION = 4.0;
				TARGETED_DEVICE_FAMILY = "1,2";
				TEST_HOST = "$(BUILT_PRODUCTS_DIR)/PitchPerfect.app/PitchPerfect";
			};
			name = Debug;
		};
		23FEC8EA2394A17B008B9B56 /* Release */ = {
			isa = XCBuildConfiguration;
			buildSettings = {
				ALWAYS_EMBED_SWIFT_STANDARD_LIBRARIES = YES;
				BUNDLE_LOADER = "$(TEST_HOST)";
				CODE_SIGN_STYLE = Automatic;
				INFOPLIST_FILE = PitchPerfectTests/Info.plist;
				LD_RUNPATH_SEARCH_PATHS = "$(inherited) @executable_path/Frameworks @loader_path/Frameworks";
				PRODUCT_BUNDLE_IDENTIFIER = com.danielabecerra.PitchPerfectTests;
				PRODUCT_NAME = "$(TARGET_NAME)";
				SWIFT_VERSION = 4.0;
				TARGETED_DEVICE_FAMILY = "1,2";
				TEST_HOST = "$(BUILT_PRODUCTS_DIR)/PitchPerfect.app/PitchPerfect";
			};
			name = Release;
		};
		23FEC8EC2394A17B008B9B56 /* Debug */ = {
			isa = XCBuildConfiguration;
			buildSettings = {
				ALWAYS_EMBED_SWIFT_STANDARD_LIBRARIES = YES;
				CODE_SIGN_STYLE = Automatic;
				INFOPLIST_FILE = PitchPerfectUITests/Info.plist;
				LD_RUNPATH_SEARCH_PATHS = "$(inherited) @executable_path/Frameworks @loader_path/Frameworks";
				PRODUCT_BUNDLE_IDENTIFIER = com.danielabecerra.PitchPerfectUITests;
				PRODUCT_NAME = "$(TARGET_NAME)";
				SWIFT_VERSION = 4.0;
				TARGETED_DEVICE_FAMILY = "1,2";
				TEST_TARGET_NAME = PitchPerfect;
			};
			name = Debug;
		};
		23FEC8ED2394A17B008B9B56 /* Release */ = {
			isa = XCBuildConfiguration;
			buildSettings = {
				ALWAYS_EMBED_SWIFT_STANDARD_LIBRARIES = YES;
				CODE_SIGN_STYLE = Automatic;
				INFOPLIST_FILE = PitchPerfectUITests/Info.plist;
				LD_RUNPATH_SEARCH_PATHS = "$(inherited) @executable_path/Frameworks @loader_path/Frameworks";
				PRODUCT_BUNDLE_IDENTIFIER = com.danielabecerra.PitchPerfectUITests;
				PRODUCT_NAME = "$(TARGET_NAME)";
				SWIFT_VERSION = 4.0;
				TARGETED_DEVICE_FAMILY = "1,2";
				TEST_TARGET_NAME = PitchPerfect;
			};
			name = Release;
		};
/* End XCBuildConfiguration section */

/* Begin XCConfigurationList section */
		23FEC8B82394A17B008B9B56 /* Build configuration list for PBXProject "PitchPerfect" */ = {
			isa = XCConfigurationList;
			buildConfigurations = (
				23FEC8E32394A17B008B9B56 /* Debug */,
				23FEC8E42394A17B008B9B56 /* Release */,
			);
			defaultConfigurationIsVisible = 0;
			defaultConfigurationName = Release;
		};
		23FEC8E52394A17B008B9B56 /* Build configuration list for PBXNativeTarget "PitchPerfect" */ = {
			isa = XCConfigurationList;
			buildConfigurations = (
				23FEC8E62394A17B008B9B56 /* Debug */,
				23FEC8E72394A17B008B9B56 /* Release */,
			);
			defaultConfigurationIsVisible = 0;
			defaultConfigurationName = Release;
		};
		23FEC8E82394A17B008B9B56 /* Build configuration list for PBXNativeTarget "PitchPerfectTests" */ = {
			isa = XCConfigurationList;
			buildConfigurations = (
				23FEC8E92394A17B008B9B56 /* Debug */,
				23FEC8EA2394A17B008B9B56 /* Release */,
			);
			defaultConfigurationIsVisible = 0;
			defaultConfigurationName = Release;
		};
		23FEC8EB2394A17B008B9B56 /* Build configuration list for PBXNativeTarget "PitchPerfectUITests" */ = {
			isa = XCConfigurationList;
			buildConfigurations = (
				23FEC8EC2394A17B008B9B56 /* Debug */,
				23FEC8ED2394A17B008B9B56 /* Release */,
			);
			defaultConfigurationIsVisible = 0;
			defaultConfigurationName = Release;
		};
/* End XCConfigurationList section */
	};
	rootObject = 23FEC8B52394A17B008B9B56 /* Project object */;
}
